
Microsoft Visual Studio Solution File, Format Version 12.00
# Visual Studio Version 16
VisualStudioVersion = 16.0.32901.82
MinimumVisualStudioVersion = 10.0.40219.1
Project("{FAE04EC0-301F-11D3-BF4B-00C04F79EFBC}") = "Portfolio_Clippit", "Portfolio_Clippit.csproj", "{5CA368C6-B424-43EE-8D8E-C728496E65E2}"
EndProject
Global
	GlobalSection(SolutionConfigurationPlatforms) = preSolution
		Debug|Any CPU = Debug|Any CPU
		Release|Any CPU = Release|Any CPU
	EndGlobalSection
	GlobalSection(ProjectConfigurationPlatforms) = postSolution
		{5CA368C6-B424-43EE-8D8E-C728496E65E2}.Debug|Any CPU.ActiveCfg = Debug|Any CPU
		{5CA368C6-B424-43EE-8D8E-C728496E65E2}.Debug|Any CPU.Build.0 = Debug|Any CPU
		{5CA368C6-B424-43EE-8D8E-C728496E65E2}.Release|Any CPU.ActiveCfg = Release|Any CPU
		{5CA368C6-B424-43EE-8D8E-C728496E65E2}.Release|Any CPU.Build.0 = Release|Any CPU
	EndGlobalSection
	GlobalSection(SolutionProperties) = preSolution
		HideSolutionNode = FALSE
	EndGlobalSection
	GlobalSection(ExtensibilityGlobals) = postSolution
		SolutionGuid = {349CC760-7545-46B5-842C-87EA69586639}
	EndGlobalSection
EndGlobal
